
Microsoft Visual Studio Solution File, Format Version 12.00
# Visual Studio Version 17
VisualStudioVersion = 17.12.35527.113
MinimumVisualStudioVersion = 10.0.40219.1
Project("{FAE04EC0-301F-11D3-BF4B-00C04F79EFBC}") = "GitStart", "GitStart.csproj", "{5A11DFF4-EA15-4D0C-A650-FFBA626A6E69}"
EndProject
Project("{FAE04EC0-301F-11D3-BF4B-00C04F79EFBC}") = "GitStart.Tests", "..\GitStart.Tests\GitStart.Tests.csproj", "{7CACA2DA-CA06-4080-B9A8-4140D4CBA564}"
EndProject
Global
	GlobalSection(SolutionConfigurationPlatforms) = preSolution
		Debug|Any CPU = Debug|Any CPU
		Release|Any CPU = Release|Any CPU
	EndGlobalSection
	GlobalSection(ProjectConfigurationPlatforms) = postSolution
		{5A11DFF4-EA15-4D0C-A650-FFBA626A6E69}.Debug|Any CPU.ActiveCfg = Debug|Any CPU
		{5A11DFF4-EA15-4D0C-A650-FFBA626A6E69}.Debug|Any CPU.Build.0 = Debug|Any CPU
		{5A11DFF4-EA15-4D0C-A650-FFBA626A6E69}.Release|Any CPU.ActiveCfg = Release|Any CPU
		{5A11DFF4-EA15-4D0C-A650-FFBA626A6E69}.Release|Any CPU.Build.0 = Release|Any CPU
		{7CACA2DA-CA06-4080-B9A8-4140D4CBA564}.Debug|Any CPU.ActiveCfg = Debug|Any CPU
		{7CACA2DA-CA06-4080-B9A8-4140D4CBA564}.Debug|Any CPU.Build.0 = Debug|Any CPU
		{7CACA2DA-CA06-4080-B9A8-4140D4CBA564}.Release|Any CPU.ActiveCfg = Release|Any CPU
		{7CACA2DA-CA06-4080-B9A8-4140D4CBA564}.Release|Any CPU.Build.0 = Release|Any CPU
	EndGlobalSection
	GlobalSection(SolutionProperties) = preSolution
		HideSolutionNode = FALSE
	EndGlobalSection
EndGlobal
